
Microsoft Visual Studio Solution File, Format Version 12.00
# Visual Studio 14
VisualStudioVersion = 14.0.25420.1
MinimumVisualStudioVersion = 10.0.40219.1
Project("{FAE04EC0-301F-11D3-BF4B-00C04F79EFBC}") = "MersenneTwister", "MersenneTwister\MersenneTwister.csproj", "{FBF197EA-E04C-4E0B-99FB-BBB60A4BDB83}"
EndProject
Project("{2150E333-8FDC-42A3-9474-1A3956D46DE8}") = "Solution Items", "Solution Items", "{7933780A-6601-4932-B1F8-65F2F73D5F30}"
	ProjectSection(SolutionItems) = preProject
		Rebracer.xml = Rebracer.xml
	EndProjectSection
EndProject
Project("{FAE04EC0-301F-11D3-BF4B-00C04F79EFBC}") = "MersenneTwister.Tests", "MersenneTwister.Tests\MersenneTwister.Tests.csproj", "{CE129CFC-57E2-49F3-9C41-22C35BDEFF63}"
EndProject
Project("{FAE04EC0-301F-11D3-BF4B-00C04F79EFBC}") = "MersenneTwister.Benchmark", "MersenneTwister.Benchmark\MersenneTwister.Benchmark.csproj", "{690F202C-566C-4325-B23C-91F37806078A}"
EndProject
Global
	GlobalSection(SolutionConfigurationPlatforms) = preSolution
		Debug|Any CPU = Debug|Any CPU
		Inspection|Any CPU = Inspection|Any CPU
		Release|Any CPU = Release|Any CPU
	EndGlobalSection
	GlobalSection(ProjectConfigurationPlatforms) = postSolution
		{FBF197EA-E04C-4E0B-99FB-BBB60A4BDB83}.Debug|Any CPU.ActiveCfg = Debug|Any CPU
		{FBF197EA-E04C-4E0B-99FB-BBB60A4BDB83}.Debug|Any CPU.Build.0 = Debug|Any CPU
		{FBF197EA-E04C-4E0B-99FB-BBB60A4BDB83}.Inspection|Any CPU.ActiveCfg = Inspection|Any CPU
		{FBF197EA-E04C-4E0B-99FB-BBB60A4BDB83}.Inspection|Any CPU.Build.0 = Inspection|Any CPU
		{FBF197EA-E04C-4E0B-99FB-BBB60A4BDB83}.Release|Any CPU.ActiveCfg = Release|Any CPU
		{FBF197EA-E04C-4E0B-99FB-BBB60A4BDB83}.Release|Any CPU.Build.0 = Release|Any CPU
		{CE129CFC-57E2-49F3-9C41-22C35BDEFF63}.Debug|Any CPU.ActiveCfg = Debug|Any CPU
		{CE129CFC-57E2-49F3-9C41-22C35BDEFF63}.Debug|Any CPU.Build.0 = Debug|Any CPU
		{CE129CFC-57E2-49F3-9C41-22C35BDEFF63}.Inspection|Any CPU.ActiveCfg = Inspection|Any CPU
		{CE129CFC-57E2-49F3-9C41-22C35BDEFF63}.Inspection|Any CPU.Build.0 = Inspection|Any CPU
		{CE129CFC-57E2-49F3-9C41-22C35BDEFF63}.Release|Any CPU.ActiveCfg = Inspection|Any CPU
		{690F202C-566C-4325-B23C-91F37806078A}.Debug|Any CPU.ActiveCfg = Debug|Any CPU
		{690F202C-566C-4325-B23C-91F37806078A}.Debug|Any CPU.Build.0 = Debug|Any CPU
		{690F202C-566C-4325-B23C-91F37806078A}.Inspection|Any CPU.ActiveCfg = Inspection|Any CPU
		{690F202C-566C-4325-B23C-91F37806078A}.Inspection|Any CPU.Build.0 = Inspection|Any CPU
		{690F202C-566C-4325-B23C-91F37806078A}.Release|Any CPU.ActiveCfg = Inspection|Any CPU
	EndGlobalSection
	GlobalSection(SolutionProperties) = preSolution
		HideSolutionNode = FALSE
	EndGlobalSection
EndGlobal
